
Microsoft Visual Studio Solution File, Format Version 12.00
# Visual Studio Version 16
VisualStudioVersion = 16.0.31702.278
MinimumVisualStudioVersion = 10.0.40219.1
Project("{FAE04EC0-301F-11D3-BF4B-00C04F79EFBC}") = "random_graphics", "random_graphics.csproj", "{20FDA0BC-07AE-4996-B40D-00404F978582}"
EndProject
Global
	GlobalSection(SolutionConfigurationPlatforms) = preSolution
		Debug|Any CPU = Debug|Any CPU
		Release|Any CPU = Release|Any CPU
	EndGlobalSection
	GlobalSection(ProjectConfigurationPlatforms) = postSolution
		{20FDA0BC-07AE-4996-B40D-00404F978582}.Debug|Any CPU.ActiveCfg = Debug|Any CPU
		{20FDA0BC-07AE-4996-B40D-00404F978582}.Debug|Any CPU.Build.0 = Debug|Any CPU
		{20FDA0BC-07AE-4996-B40D-00404F978582}.Release|Any CPU.ActiveCfg = Release|Any CPU
		{20FDA0BC-07AE-4996-B40D-00404F978582}.Release|Any CPU.Build.0 = Release|Any CPU
	EndGlobalSection
	GlobalSection(SolutionProperties) = preSolution
		HideSolutionNode = FALSE
	EndGlobalSection
	GlobalSection(ExtensibilityGlobals) = postSolution
		SolutionGuid = {980A5306-A423-46C8-9BF1-791EAA4FD6E6}
	EndGlobalSection
EndGlobal
